{
  "name": "node-apprtc",
  "version": "0.1.0",
  "lockfileVersion": 1,
  "requires": true,
  "dependencies": {
    "ammo": {
      "version": "1.0.1",
      "resolved": "https://registry.npmjs.org/ammo/-/ammo-1.0.1.tgz",
      "integrity": "sha1-j4rdFM1Jve3jurOj4OvK8h0D3os=",
      "requires": {
        "boom": "2.x.x",
        "hoek": "2.x.x"
      }
    },
    "boom": {
      "version": "2.10.1",
      "resolved": "https://registry.npmjs.org/boom/-/boom-2.10.1.tgz",
      "integrity": "sha1-OciRjO/1eZ+D+UkqhI9iWt0Mdm8=",
      "requires": {
        "hoek": "2.x.x"
      }
    },
    "commander": {
      "version": "2.20.0",
      "resolved": "https://registry.npmjs.org/commander/-/commander-2.20.0.tgz",
      "integrity": "sha512-7j2y+40w61zy6YC2iRNpUe/NwhNyoXrYpHMrSunaMG64nRnaf96zO/KMQR4OyN/UnE5KLyEBnKHd4aG3rskjpQ==",
      "optional": true
    },
    "handlebars": {
      "version": "4.1.2",
      "resolved": "https://registry.npmjs.org/handlebars/-/handlebars-4.1.2.tgz",
      "integrity": "sha512-nvfrjqvt9xQ8Z/w0ijewdD/vvWDTOweBUm96NTr66Wfvo1mJenBLwcYmPs3TIBP5ruzYGD7Hx/DaM9RmhroGPw==",
      "requires": {
        "neo-async": "^2.6.0",
        "optimist": "^0.6.1",
        "source-map": "^0.6.1",
        "uglify-js": "^3.1.4"
      }
    },
    "hapi": {
      "version": "12.1.0",
      "resolved": "https://registry.npmjs.org/hapi/-/hapi-12.1.0.tgz",
      "integrity": "sha1-mTLGMwDSR6ksrsEgqp+rcqQSSPE=",
      "requires": {
        "accept": "2.x.x",
        "ammo": "2.x.x",
        "boom": "3.x.x",
        "call": "3.x.x",
        "catbox": "7.x.x",
        "catbox-memory": "2.x.x",
        "cryptiles": "3.x.x",
        "heavy": "4.x.x",
        "hoek": "3.x.x",
        "iron": "3.x.x",
        "items": "2.x.x",
        "joi": "7.x.x",
        "kilt": "2.x.x",
        "mimos": "3.x.x",
        "peekaboo": "2.x.x",
        "shot": "3.x.x",
        "statehood": "3.x.x",
        "subtext": "4.x.x",
        "topo": "2.x.x"
      },
      "dependencies": {
        "accept": {
          "version": "2.1.0",
          "resolved": "https://registry.npmjs.org/accept/-/accept-2.1.0.tgz",
          "integrity": "sha1-VXac/1giuB2mTfZtKgkZkVd3beg=",
          "requires": {
            "boom": "3.x.x",
            "hoek": "3.x.x"
          }
        },
        "ammo": {
          "version": "2.0.0",
          "resolved": "https://registry.npmjs.org/ammo/-/ammo-2.0.0.tgz",
          "integrity": "sha1-FNvfwfti19gmAgbTfkghkmXSS+g=",
          "requires": {
            "boom": "3.x.x",
            "hoek": "3.x.x"
          }
        },
        "boom": {
          "version": "3.1.1",
          "resolved": "https://registry.npmjs.org/boom/-/boom-3.1.1.tgz",
          "integrity": "sha1-tkJPAe2NSSsrEq6GBHwk6LanyTc=",
          "requires": {
            "hoek": "3.x.x"
          }
        },
        "call": {
          "version": "3.0.0",
          "resolved": "https://registry.npmjs.org/call/-/call-3.0.0.tgz",
          "integrity": "sha1-6VTpAzInH3qxJgtN4BjWjq+z8BE=",
          "requires": {
            "boom": "3.x.x",
            "hoek": "3.x.x"
          }
        },
        "catbox": {
          "version": "7.1.0",
          "resolved": "https://registry.npmjs.org/catbox/-/catbox-7.1.0.tgz",
          "integrity": "sha1-Fpo+9ol3Pb9HHI2IEeslGm3ss/Q=",
          "requires": {
            "boom": "3.x.x",
            "hoek": "3.x.x",
            "joi": "7.x.x"
          }
        },
        "catbox-memory": {
          "version": "2.0.1",
          "resolved": "https://registry.npmjs.org/catbox-memory/-/catbox-memory-2.0.1.tgz",
          "integrity": "sha1-vfxec2RI/hbA/5FCfU2xGsNNk5Y=",
          "requires": {
            "hoek": "3.x.x"
          }
        },
        "cryptiles": {
          "version": "3.0.0",
          "resolved": "https://registry.npmjs.org/cryptiles/-/cryptiles-3.0.0.tgz",
          "integrity": "sha1-4Uj7j2ZqhxKEPd9lwZZ2nR44eQw=",
          "requires": {
            "boom": "3.x.x"
          }
        },
        "heavy": {
          "version": "4.0.0",
          "resolved": "https://registry.npmjs.org/heavy/-/heavy-4.0.0.tgz",
          "integrity": "sha1-ffqckK80PxaAaoxIootJmiPexHE=",
          "requires": {
            "boom": "3.x.x",
            "hoek": "3.x.x",
            "joi": "7.x.x"
          }
        },
        "hoek": {
          "version": "3.0.4",
          "resolved": "https://registry.npmjs.org/hoek/-/hoek-3.0.4.tgz",
          "integrity": "sha1-Jorf9mu2aVxptHiaiLHghHw/MSM="
        },
        "iron": {
          "version": "3.0.1",
          "resolved": "https://registry.npmjs.org/iron/-/iron-3.0.1.tgz",
          "integrity": "sha1-PdOxAKch0VubewM6DPTB4yZgPNM=",
          "requires": {
            "boom": "3.x.x",
            "cryptiles": "3.x.x",
            "hoek": "3.x.x"
          }
        },
        "items": {
          "version": "2.0.0",
          "resolved": "https://registry.npmjs.org/items/-/items-2.0.0.tgz",
          "integrity": "sha1-0Uqxfgyce47mk3dT07mlbgjUrXo="
        },
        "joi": {
          "version": "7.1.0",
          "resolved": "https://registry.npmjs.org/joi/-/joi-7.1.0.tgz",
          "integrity": "sha1-21zpX8UJ9cFI/5BY6mOck0lF2T0=",
          "requires": {
            "hoek": "3.x.x",
            "isemail": "2.x.x",
            "moment": "2.x.x",
            "topo": "2.x.x"
          },
          "dependencies": {
            "isemail": {
              "version": "2.1.0",
              "resolved": "https://registry.npmjs.org/isemail/-/isemail-2.1.0.tgz",
              "integrity": "sha1-f1Qz5GnYj0b7gfg/USDzbfA44v8="
            },
            "moment": {
              "version": "2.11.0",
              "resolved": "https://registry.npmjs.org/moment/-/moment-2.11.0.tgz",
              "integrity": "sha1-WE9fuHwfY38Sk37c4Sfd4tIG1wU="
            }
          }
        },
        "kilt": {
          "version": "2.0.0",
          "resolved": "https://registry.npmjs.org/kilt/-/kilt-2.0.0.tgz",
          "integrity": "sha1-igb2YkoUhHRBwQLDsS6e8Gr13fI=",
          "requires": {
            "hoek": "3.x.x"
          }
        },
        "mimos": {
          "version": "3.0.0",
          "resolved": "https://registry.npmjs.org/mimos/-/mimos-3.0.0.tgz",
          "integrity": "sha1-SygG4SXbvfcdmyzZ8LO0VsQDyCE=",
          "requires": {
            "hoek": "3.x.x",
            "mime-db": "1.x.x"
          },
          "dependencies": {
            "mime-db": {
              "version": "1.20.0",
              "resolved": "https://registry.npmjs.org/mime-db/-/mime-db-1.20.0.tgz",
              "integrity": "sha1-SW+Q/QH+DgMciCPsOqlFD/2hjtg="
            }
          }
        },
        "peekaboo": {
          "version": "2.0.0",
          "resolved": "https://registry.npmjs.org/peekaboo/-/peekaboo-2.0.0.tgz",
          "integrity": "sha1-ilS71o7esMtbMUSZHhU10tSS3Jc="
        },
        "shot": {
          "version": "3.0.0",
          "resolved": "https://registry.npmjs.org/shot/-/shot-3.0.0.tgz",
          "integrity": "sha1-jylyuCPEFdQMeCFiPFmfy2KCZn4=",
          "requires": {
            "hoek": "3.x.x"
          }
        },
        "statehood": {
          "version": "3.1.0",
          "resolved": "https://registry.npmjs.org/statehood/-/statehood-3.1.0.tgz",
          "integrity": "sha1-E9uMEXCnJoMa/qMBbP8TlIvo8qA=",
          "requires": {
            "boom": "3.x.x",
            "cryptiles": "3.x.x",
            "hoek": "3.x.x",
            "iron": "3.x.x",
            "items": "2.x.x",
            "joi": "7.x.x"
          }
        },
        "subtext": {
          "version": "4.0.0",
          "resolved": "https://registry.npmjs.org/subtext/-/subtext-4.0.0.tgz",
          "integrity": "sha1-+tdpXdgv3wuApr8jVRIHcZu5Xrg=",
          "requires": {
            "boom": "3.x.x",
            "content": "3.x.x",
            "hoek": "3.x.x",
            "pez": "2.x.x",
            "wreck": "7.x.x"
          },
          "dependencies": {
            "content": {
              "version": "3.0.0",
              "resolved": "https://registry.npmjs.org/content/-/content-3.0.0.tgz",
              "integrity": "sha1-+xpmghRxLKPdGKTsuw9f5x+35s0=",
              "requires": {
                "boom": "3.x.x"
              }
            },
            "pez": {
              "version": "2.0.1",
              "resolved": "https://registry.npmjs.org/pez/-/pez-2.0.1.tgz",
              "integrity": "sha1-WAV4vrF/GU03y4dN+8aHzM3omxE=",
              "requires": {
                "b64": "3.x.x",
                "boom": "3.x.x",
                "content": "3.x.x",
                "hoek": "3.x.x",
                "nigel": "2.x.x"
              },
              "dependencies": {
                "b64": {
                  "version": "3.0.0",
                  "resolved": "https://registry.npmjs.org/b64/-/b64-3.0.0.tgz",
                  "integrity": "sha1-MrMhzdoLmzEMdi05OrqSAdjk8hc=",
                  "requires": {
                    "hoek": "3.x.x"
                  }
                },
                "nigel": {
                  "version": "2.0.0",
                  "resolved": "https://registry.npmjs.org/nigel/-/nigel-2.0.0.tgz",
                  "integrity": "sha1-4lEYegUz6ufIIy99ejhlrkdorWk=",
                  "requires": {
                    "hoek": "3.x.x",
                    "vise": "2.x.x"
                  },
                  "dependencies": {
                    "vise": {
                      "version": "2.0.0",
                      "resolved": "https://registry.npmjs.org/vise/-/vise-2.0.0.tgz",
                      "integrity": "sha1-eNaLZOdJXqWYqcJMby4GLk1XldY=",
                      "requires": {
                        "hoek": "3.x.x"
                      }
                    }
                  }
                }
              }
            },
            "wreck": {
              "version": "7.0.0",
              "resolved": "https://registry.npmjs.org/wreck/-/wreck-7.0.0.tgz",
              "integrity": "sha1-jtUr2MIN4dApRr2QeP3LPEh6Gho=",
              "requires": {
                "boom": "3.x.x",
                "hoek": "3.x.x"
              }
            }
          }
        },
        "topo": {
          "version": "2.0.0",
          "resolved": "https://registry.npmjs.org/topo/-/topo-2.0.0.tgz",
          "integrity": "sha1-MVya7bhoytW2FhWWPJ/Qm+kSwe0=",
          "requires": {
            "hoek": "3.x.x"
          }
        }
      }
    },
    "hoek": {
      "version": "2.16.3",
      "resolved": "https://registry.npmjs.org/hoek/-/hoek-2.16.3.tgz",
      "integrity": "sha1-ILt0A9POo5jpHcRxCo/xuCdKJe0="
    },
    "inert": {
      "version": "3.2.1",
      "resolved": "https://registry.npmjs.org/inert/-/inert-3.2.1.tgz",
      "integrity": "sha1-xJZcXhh87z2yxChy5S51cAh2Qn0=",
      "requires": {
        "ammo": "1.x.x",
        "boom": "2.x.x",
        "hoek": "2.x.x",
        "items": "1.x.x",
        "joi": "^6.7.x",
        "lru-cache": "2.7.x"
      }
    },
    "isemail": {
      "version": "1.2.0",
      "resolved": "https://registry.npmjs.org/isemail/-/isemail-1.2.0.tgz",
      "integrity": "sha1-vgPfjMPineTSxd9lASY/H6RZXpo="
    },
    "items": {
      "version": "1.1.1",
      "resolved": "https://registry.npmjs.org/items/-/items-1.1.1.tgz",
      "integrity": "sha1-Q1td0hvKKLPP0lu1xrJ4txUBD9k="
    },
    "joi": {
      "version": "6.10.1",
      "resolved": "https://registry.npmjs.org/joi/-/joi-6.10.1.tgz",
      "integrity": "sha1-TVDDGAeRIgAP5fFq8f+OGRe3fgY=",
      "requires": {
        "hoek": "2.x.x",
        "isemail": "1.x.x",
        "moment": "2.x.x",
        "topo": "1.x.x"
      }
    },
    "lru-cache": {
      "version": "2.7.3",
      "resolved": "https://registry.npmjs.org/lru-cache/-/lru-cache-2.7.3.tgz",
      "integrity": "sha1-bUUk6LlV+V1PW1iFHOId1y+06VI="
    },
    "minimist": {
      "version": "0.0.10",
      "resolved": "https://registry.npmjs.org/minimist/-/minimist-0.0.10.tgz",
      "integrity": "sha1-3j+YVD2/lggr5IrRoMfNqDYwHc8="
    },
    "moment": {
      "version": "2.24.0",
      "resolved": "https://registry.npmjs.org/moment/-/moment-2.24.0.tgz",
      "integrity": "sha512-bV7f+6l2QigeBBZSM/6yTNq4P2fNpSWj/0e7jQcy87A8e7o2nAfP/34/2ky5Vw4B9S446EtIhodAzkFCcR4dQg=="
    },
    "neo-async": {
      "version": "2.6.1",
      "resolved": "https://registry.npmjs.org/neo-async/-/neo-async-2.6.1.tgz",
      "integrity": "sha512-iyam8fBuCUpWeKPGpaNMetEocMt364qkCsfL9JuhjXX6dRnguRVOfk2GZaDpPjcOKiiXCPINZC1GczQ7iTq3Zw=="
    },
    "optimist": {
      "version": "0.6.1",
      "resolved": "https://registry.npmjs.org/optimist/-/optimist-0.6.1.tgz",
      "integrity": "sha1-2j6nRob6IaGaERwybpDrFaAZZoY=",
      "requires": {
        "minimist": "~0.0.1",
        "wordwrap": "~0.0.2"
      }
    },
    "source-map": {
      "version": "0.6.1",
      "resolved": "https://registry.npmjs.org/source-map/-/source-map-0.6.1.tgz",
      "integrity": "sha512-UjgapumWlbMhkBgzT7Ykc5YXUT46F0iKu8SGXq0bcwP5dz/h0Plj6enJqjz1Zbq2l5WaqYnrVbwWOWMyF3F47g=="
    },
    "topo": {
      "version": "1.1.0",
      "resolved": "https://registry.npmjs.org/topo/-/topo-1.1.0.tgz",
      "integrity": "sha1-6ddRYV0buH3IZdsYL6HKCl71NtU=",
      "requires": {
        "hoek": "2.x.x"
      }
    },
    "uglify-js": {
      "version": "3.6.0",
      "resolved": "https://registry.npmjs.org/uglify-js/-/uglify-js-3.6.0.tgz",
      "integrity": "sha512-W+jrUHJr3DXKhrsS7NUVxn3zqMOFn0hL/Ei6v0anCIMoKC93TjcflTagwIHLW7SfMFfiQuktQyFVCFHGUE0+yg==",
      "optional": true,
      "requires": {
        "commander": "~2.20.0",
        "source-map": "~0.6.1"
      }
    },
    "vision": {
      "version": "4.1.1",
      "resolved": "https://registry.npmjs.org/vision/-/vision-4.1.1.tgz",
      "integrity": "sha1-4bYSstLi8gMQoDkpD9SdUSSPgto=",
      "requires": {
        "boom": "4.x.x",
        "hoek": "4.x.x",
        "items": "2.x.x",
        "joi": "10.x.x"
      },
      "dependencies": {
        "boom": {
          "version": "4.3.1",
          "resolved": "https://registry.npmjs.org/boom/-/boom-4.3.1.tgz",
          "integrity": "sha1-T4owBctKfjiJ90kDD9JbluAdLjE=",
          "requires": {
            "hoek": "4.x.x"
          }
        },
        "hoek": {
          "version": "4.2.1",
          "resolved": "https://registry.npmjs.org/hoek/-/hoek-4.2.1.tgz",
          "integrity": "sha512-QLg82fGkfnJ/4iy1xZ81/9SIJiq1NGFUMGs6ParyjBZr6jW2Ufj/snDqTHixNlHdPNwN2RLVD0Pi3igeK9+JfA=="
        },
        "isemail": {
          "version": "2.2.1",
          "resolved": "https://registry.npmjs.org/isemail/-/isemail-2.2.1.tgz",
          "integrity": "sha1-A1PT2aYpUQgMJiwqoKQrjqjp4qY="
        },
        "items": {
          "version": "2.1.2",
          "resolved": "https://registry.npmjs.org/items/-/items-2.1.2.tgz",
          "integrity": "sha512-kezcEqgB97BGeZZYtX/MA8AG410ptURstvnz5RAgyFZ8wQFPMxHY8GpTq+/ZHKT3frSlIthUq7EvLt9xn3TvXg=="
        },
        "joi": {
          "version": "10.6.0",
          "resolved": "https://registry.npmjs.org/joi/-/joi-10.6.0.tgz",
          "integrity": "sha512-hBF3LcqyAid+9X/pwg+eXjD2QBZI5eXnBFJYaAkH4SK3mp9QSRiiQnDYlmlz5pccMvnLcJRS4whhDOTCkmsAdQ==",
          "requires": {
            "hoek": "4.x.x",
            "isemail": "2.x.x",
            "items": "2.x.x",
            "topo": "2.x.x"
          }
        },
        "topo": {
          "version": "2.0.2",
          "resolved": "https://registry.npmjs.org/topo/-/topo-2.0.2.tgz",
          "integrity": "sha1-zVYVdSU5BXwNwEkaYhw7xvvh0YI=",
          "requires": {
            "hoek": "4.x.x"
          }
        }
      }
    },
    "wordwrap": {
      "version": "0.0.3",
      "resolved": "https://registry.npmjs.org/wordwrap/-/wordwrap-0.0.3.tgz",
      "integrity": "sha1-o9XabNXAvAAI03I0u68b7WMFkQc="
    }
  }
}
